
Microsoft Visual Studio Solution File, Format Version 12.00
# Visual Studio Version 16
VisualStudioVersion = 16.0.31112.23
MinimumVisualStudioVersion = 10.0.40219.1
Project("{FAE04EC0-301F-11D3-BF4B-00C04F79EFBC}") = "Rubicon_blog", "Rubicon_blog\Rubicon_blog.csproj", "{F4DFB973-D1F5-4F36-B5D0-A2DD2BDB1F1F}"
EndProject
Project("{FAE04EC0-301F-11D3-BF4B-00C04F79EFBC}") = "Rubicon_blog.DAL", "Rubicon_blog.DAL\Rubicon_blog.DAL.csproj", "{63F344A2-54D0-406E-ABFE-5E998A2D30A5}"
EndProject
Global
	GlobalSection(SolutionConfigurationPlatforms) = preSolution
		Debug|Any CPU = Debug|Any CPU
		Release|Any CPU = Release|Any CPU
	EndGlobalSection
	GlobalSection(ProjectConfigurationPlatforms) = postSolution
		{F4DFB973-D1F5-4F36-B5D0-A2DD2BDB1F1F}.Debug|Any CPU.ActiveCfg = Debug|Any CPU
		{F4DFB973-D1F5-4F36-B5D0-A2DD2BDB1F1F}.Debug|Any CPU.Build.0 = Debug|Any CPU
		{F4DFB973-D1F5-4F36-B5D0-A2DD2BDB1F1F}.Release|Any CPU.ActiveCfg = Release|Any CPU
		{F4DFB973-D1F5-4F36-B5D0-A2DD2BDB1F1F}.Release|Any CPU.Build.0 = Release|Any CPU
		{63F344A2-54D0-406E-ABFE-5E998A2D30A5}.Debug|Any CPU.ActiveCfg = Debug|Any CPU
		{63F344A2-54D0-406E-ABFE-5E998A2D30A5}.Debug|Any CPU.Build.0 = Debug|Any CPU
		{63F344A2-54D0-406E-ABFE-5E998A2D30A5}.Release|Any CPU.ActiveCfg = Release|Any CPU
		{63F344A2-54D0-406E-ABFE-5E998A2D30A5}.Release|Any CPU.Build.0 = Release|Any CPU
	EndGlobalSection
	GlobalSection(SolutionProperties) = preSolution
		HideSolutionNode = FALSE
	EndGlobalSection
	GlobalSection(ExtensibilityGlobals) = postSolution
		SolutionGuid = {B0DFA6D4-5190-493D-9828-B10451B52800}
	EndGlobalSection
EndGlobal
